lockfileVersion: '9.0'

settings:
  autoInstallPeers: true
  excludeLinksFromLockfile: false

importers:

  .:
    dependencies:
      '@dmno/web3-secrets-plugin':
        specifier: link:../packages/web3-secrets-plugin
        version: link:../packages/web3-secrets-plugin
      dmno:
        specifier: link:../../dmno-reactivity/packages/core
        version: link:../../dmno-reactivity/packages/core
